
Microsoft Visual Studio Solution File, Format Version 12.00
# Visual Studio Version 17
VisualStudioVersion = 17.0.32014.148
MinimumVisualStudioVersion = 10.0.40219.1
Project("{FAE04EC0-301F-11D3-BF4B-00C04F79EFBC}") = "patika_24", "patika_24.csproj", "{053D9C98-D5E0-4243-A3F1-5C170B2A80F1}"
EndProject
Global
	GlobalSection(SolutionConfigurationPlatforms) = preSolution
		Debug|Any CPU = Debug|Any CPU
		Release|Any CPU = Release|Any CPU
	EndGlobalSection
	GlobalSection(ProjectConfigurationPlatforms) = postSolution
		{053D9C98-D5E0-4243-A3F1-5C170B2A80F1}.Debug|Any CPU.ActiveCfg = Debug|Any CPU
		{053D9C98-D5E0-4243-A3F1-5C170B2A80F1}.Debug|Any CPU.Build.0 = Debug|Any CPU
		{053D9C98-D5E0-4243-A3F1-5C170B2A80F1}.Release|Any CPU.ActiveCfg = Release|Any CPU
		{053D9C98-D5E0-4243-A3F1-5C170B2A80F1}.Release|Any CPU.Build.0 = Release|Any CPU
	EndGlobalSection
	GlobalSection(SolutionProperties) = preSolution
		HideSolutionNode = FALSE
	EndGlobalSection
	GlobalSection(ExtensibilityGlobals) = postSolution
		SolutionGuid = {3C84258D-4E61-4FD3-A39D-B813B0556DEC}
	EndGlobalSection
EndGlobal
